
Microsoft Visual Studio Solution File, Format Version 12.00
# Visual Studio Version 17
VisualStudioVersion = 17.14.36401.2
MinimumVisualStudioVersion = 10.0.40219.1
Project("{FAE04EC0-301F-11D3-BF4B-00C04F79EFBC}") = "BlazorExtension", "BlazorExtension\BlazorExtension\BlazorExtension.csproj", "{887C9C04-F81A-43CD-8CF5-D7872E080D28}"
EndProject
Project("{FAE04EC0-301F-11D3-BF4B-00C04F79EFBC}") = "BlazorExtension.Client", "BlazorExtension\BlazorExtension.Client\BlazorExtension.Client.csproj", "{AF68272B-273C-44BE-9A63-F595881D3640}"
EndProject
Project("{FAE04EC0-301F-11D3-BF4B-00C04F79EFBC}") = "DataContext", "DataContext\DataContext.csproj", "{464B9534-459A-4F89-BB6A-E650D6A66E2F}"
EndProject
Project("{FAE04EC0-301F-11D3-BF4B-00C04F79EFBC}") = "IdentityComponents", "IdentityComponents\IdentityComponents.csproj", "{D9D118AC-C50E-4C60-B1D8-C5F2618213D6}"
EndProject
Project("{2150E333-8FDC-42A3-9474-1A3956D46DE8}") = "Элементы решения", "Элементы решения", "{754FC069-D67B-A9D7-50A1-8D1CA196D8F1}"
	ProjectSection(SolutionItems) = preProject
		README.md = README.md
	EndProjectSection
EndProject
Project("{FAE04EC0-301F-11D3-BF4B-00C04F79EFBC}") = "IdentityAbstractions", "IdentityAbsatractions\IdentityAbstractions.csproj", "{1135E7C0-571F-4E66-B0FF-D4562A44CF58}"
EndProject
Project("{FAE04EC0-301F-11D3-BF4B-00C04F79EFBC}") = "CommonComponents", "CommonComponents\CommonComponents.csproj", "{CE45B469-DBD1-4BC8-A081-B07B43D81189}"
EndProject
Project("{FAE04EC0-301F-11D3-BF4B-00C04F79EFBC}") = "OpenIddictClientMVC", "OpenIddictClientMVC\OpenIddictClientMVC.csproj", "{9DCD71E2-54B3-2672-C975-1C0DF14614B8}"
EndProject
Project("{FAE04EC0-301F-11D3-BF4B-00C04F79EFBC}") = "OpenIddictServer", "OpenIddictServer\OpenIddictServer.csproj", "{071FC863-743C-4DBF-BF68-CF7042B957EA}"
EndProject
Project("{FAE04EC0-301F-11D3-BF4B-00C04F79EFBC}") = "OpenIddictAbstractions", "OpenIddictAbstractions\OpenIddictAbstractions.csproj", "{35C551F8-0E4D-4178-B698-4F15DC7F3B88}"
EndProject
Project("{2150E333-8FDC-42A3-9474-1A3956D46DE8}") = "OpenIddictExstension", "OpenIddictExstension", "{36D591C7-65C7-A0D1-1CBC-10CDE441BDC8}"
EndProject
Project("{FAE04EC0-301F-11D3-BF4B-00C04F79EFBC}") = "OpenIddictClient", "OpenIddictClient\OpenIddictClient.csproj", "{043EB4C5-FC5E-4624-AA8C-980EAB26EDFA}"
EndProject
Project("{FAE04EC0-301F-11D3-BF4B-00C04F79EFBC}") = "OpenIddictServerComponents", "OpenIddictServerComponents\OpenIddictServerComponents.csproj", "{D4DBBB16-7B52-4D05-A052-EEFE9D2CD2DB}"
EndProject
Project("{FAE04EC0-301F-11D3-BF4B-00C04F79EFBC}") = "OpenIddictResourceApi", "OpenIddictResourceApi\OpenIddictResourceApi.csproj", "{31DF4210-851D-C668-2852-D6F9AFF8A90E}"
EndProject
Project("{2150E333-8FDC-42A3-9474-1A3956D46DE8}") = "OpenIddictClients", "OpenIddictClients", "{5632BFDB-863F-4191-865D-53A7FFF3D59F}"
EndProject
Global
	GlobalSection(SolutionConfigurationPlatforms) = preSolution
		Debug|Any CPU = Debug|Any CPU
		Release|Any CPU = Release|Any CPU
	EndGlobalSection
	GlobalSection(ProjectConfigurationPlatforms) = postSolution
		{887C9C04-F81A-43CD-8CF5-D7872E080D28}.Debug|Any CPU.ActiveCfg = Debug|Any CPU
		{887C9C04-F81A-43CD-8CF5-D7872E080D28}.Debug|Any CPU.Build.0 = Debug|Any CPU
		{887C9C04-F81A-43CD-8CF5-D7872E080D28}.Release|Any CPU.ActiveCfg = Release|Any CPU
		{887C9C04-F81A-43CD-8CF5-D7872E080D28}.Release|Any CPU.Build.0 = Release|Any CPU
		{AF68272B-273C-44BE-9A63-F595881D3640}.Debug|Any CPU.ActiveCfg = Debug|Any CPU
		{AF68272B-273C-44BE-9A63-F595881D3640}.Debug|Any CPU.Build.0 = Debug|Any CPU
		{AF68272B-273C-44BE-9A63-F595881D3640}.Release|Any CPU.ActiveCfg = Release|Any CPU
		{AF68272B-273C-44BE-9A63-F595881D3640}.Release|Any CPU.Build.0 = Release|Any CPU
		{464B9534-459A-4F89-BB6A-E650D6A66E2F}.Debug|Any CPU.ActiveCfg = Debug|Any CPU
		{464B9534-459A-4F89-BB6A-E650D6A66E2F}.Debug|Any CPU.Build.0 = Debug|Any CPU
		{464B9534-459A-4F89-BB6A-E650D6A66E2F}.Release|Any CPU.ActiveCfg = Release|Any CPU
		{464B9534-459A-4F89-BB6A-E650D6A66E2F}.Release|Any CPU.Build.0 = Release|Any CPU
		{D9D118AC-C50E-4C60-B1D8-C5F2618213D6}.Debug|Any CPU.ActiveCfg = Debug|Any CPU
		{D9D118AC-C50E-4C60-B1D8-C5F2618213D6}.Debug|Any CPU.Build.0 = Debug|Any CPU
		{D9D118AC-C50E-4C60-B1D8-C5F2618213D6}.Release|Any CPU.ActiveCfg = Release|Any CPU
		{D9D118AC-C50E-4C60-B1D8-C5F2618213D6}.Release|Any CPU.Build.0 = Release|Any CPU
		{1135E7C0-571F-4E66-B0FF-D4562A44CF58}.Debug|Any CPU.ActiveCfg = Debug|Any CPU
		{1135E7C0-571F-4E66-B0FF-D4562A44CF58}.Debug|Any CPU.Build.0 = Debug|Any CPU
		{1135E7C0-571F-4E66-B0FF-D4562A44CF58}.Release|Any CPU.ActiveCfg = Release|Any CPU
		{1135E7C0-571F-4E66-B0FF-D4562A44CF58}.Release|Any CPU.Build.0 = Release|Any CPU
		{CE45B469-DBD1-4BC8-A081-B07B43D81189}.Debug|Any CPU.ActiveCfg = Debug|Any CPU
		{CE45B469-DBD1-4BC8-A081-B07B43D81189}.Debug|Any CPU.Build.0 = Debug|Any CPU
		{CE45B469-DBD1-4BC8-A081-B07B43D81189}.Release|Any CPU.ActiveCfg = Release|Any CPU
		{CE45B469-DBD1-4BC8-A081-B07B43D81189}.Release|Any CPU.Build.0 = Release|Any CPU
		{9DCD71E2-54B3-2672-C975-1C0DF14614B8}.Debug|Any CPU.ActiveCfg = Debug|Any CPU
		{9DCD71E2-54B3-2672-C975-1C0DF14614B8}.Debug|Any CPU.Build.0 = Debug|Any CPU
		{9DCD71E2-54B3-2672-C975-1C0DF14614B8}.Release|Any CPU.ActiveCfg = Release|Any CPU
		{9DCD71E2-54B3-2672-C975-1C0DF14614B8}.Release|Any CPU.Build.0 = Release|Any CPU
		{071FC863-743C-4DBF-BF68-CF7042B957EA}.Debug|Any CPU.ActiveCfg = Debug|Any CPU
		{071FC863-743C-4DBF-BF68-CF7042B957EA}.Debug|Any CPU.Build.0 = Debug|Any CPU
		{071FC863-743C-4DBF-BF68-CF7042B957EA}.Release|Any CPU.ActiveCfg = Release|Any CPU
		{071FC863-743C-4DBF-BF68-CF7042B957EA}.Release|Any CPU.Build.0 = Release|Any CPU
		{35C551F8-0E4D-4178-B698-4F15DC7F3B88}.Debug|Any CPU.ActiveCfg = Debug|Any CPU
		{35C551F8-0E4D-4178-B698-4F15DC7F3B88}.Debug|Any CPU.Build.0 = Debug|Any CPU
		{35C551F8-0E4D-4178-B698-4F15DC7F3B88}.Release|Any CPU.ActiveCfg = Release|Any CPU
		{35C551F8-0E4D-4178-B698-4F15DC7F3B88}.Release|Any CPU.Build.0 = Release|Any CPU
		{043EB4C5-FC5E-4624-AA8C-980EAB26EDFA}.Debug|Any CPU.ActiveCfg = Debug|Any CPU
		{043EB4C5-FC5E-4624-AA8C-980EAB26EDFA}.Debug|Any CPU.Build.0 = Debug|Any CPU
		{043EB4C5-FC5E-4624-AA8C-980EAB26EDFA}.Release|Any CPU.ActiveCfg = Release|Any CPU
		{043EB4C5-FC5E-4624-AA8C-980EAB26EDFA}.Release|Any CPU.Build.0 = Release|Any CPU
		{D4DBBB16-7B52-4D05-A052-EEFE9D2CD2DB}.Debug|Any CPU.ActiveCfg = Debug|Any CPU
		{D4DBBB16-7B52-4D05-A052-EEFE9D2CD2DB}.Debug|Any CPU.Build.0 = Debug|Any CPU
		{D4DBBB16-7B52-4D05-A052-EEFE9D2CD2DB}.Release|Any CPU.ActiveCfg = Release|Any CPU
		{D4DBBB16-7B52-4D05-A052-EEFE9D2CD2DB}.Release|Any CPU.Build.0 = Release|Any CPU
		{31DF4210-851D-C668-2852-D6F9AFF8A90E}.Debug|Any CPU.ActiveCfg = Debug|Any CPU
		{31DF4210-851D-C668-2852-D6F9AFF8A90E}.Debug|Any CPU.Build.0 = Debug|Any CPU
		{31DF4210-851D-C668-2852-D6F9AFF8A90E}.Release|Any CPU.ActiveCfg = Release|Any CPU
		{31DF4210-851D-C668-2852-D6F9AFF8A90E}.Release|Any CPU.Build.0 = Release|Any CPU
	EndGlobalSection
	GlobalSection(SolutionProperties) = preSolution
		HideSolutionNode = FALSE
	EndGlobalSection
	GlobalSection(NestedProjects) = preSolution
		{9DCD71E2-54B3-2672-C975-1C0DF14614B8} = {5632BFDB-863F-4191-865D-53A7FFF3D59F}
		{071FC863-743C-4DBF-BF68-CF7042B957EA} = {36D591C7-65C7-A0D1-1CBC-10CDE441BDC8}
		{35C551F8-0E4D-4178-B698-4F15DC7F3B88} = {36D591C7-65C7-A0D1-1CBC-10CDE441BDC8}
		{043EB4C5-FC5E-4624-AA8C-980EAB26EDFA} = {36D591C7-65C7-A0D1-1CBC-10CDE441BDC8}
		{D4DBBB16-7B52-4D05-A052-EEFE9D2CD2DB} = {36D591C7-65C7-A0D1-1CBC-10CDE441BDC8}
		{31DF4210-851D-C668-2852-D6F9AFF8A90E} = {5632BFDB-863F-4191-865D-53A7FFF3D59F}
	EndGlobalSection
	GlobalSection(ExtensibilityGlobals) = postSolution
		SolutionGuid = {EBCEDDC8-9D30-4032-B5BC-E0D13CD33169}
	EndGlobalSection
EndGlobal
